<?xml version="1.0" encoding="utf-8"?>
<Project ToolsVersion="4.0" xmlns="http://schemas.microsoft.com/developer/msbuild/2003">
  <ItemGroup>
    <Filter Include="include">
      <UniqueIdentifier>{6a7da7c5-99e1-4da4-9d1d-959f56843149}</UniqueIdentifier>
    </Filter>
    <Filter Include="include\uriparser">
      <UniqueIdentifier>{511c68c6-03be-442f-9b45-aeb021e82ca6}</UniqueIdentifier>
    </Filter>
    <Filter Include="lib">
      <UniqueIdentifier>{a765aae6-12e3-4bc0-a8fb-c7c6d4eba9d7}</UniqueIdentifier>
    </Filter>
  </ItemGroup>
  <ItemGroup>
    <ClInclude Include="..\..\..\..\uriparser\include\uriparser\Uri.h">
      <Filter>include\uriparser</Filter>
    </ClInclude>
    <ClInclude Include="..\..\..\..\uriparser\include\uriparser\UriBase.h">
      <Filter>include\uriparser</Filter>
    </ClInclude>
    <ClInclude Include="..\..\..\..\uriparser\include\uriparser\UriDefsAnsi.h">
      <Filter>include\uriparser</Filter>
    </ClInclude>
    <ClInclude Include="..\..\..\..\uriparser\include\uriparser\UriDefsConfig.h">
      <Filter>include\uriparser</Filter>
    </ClInclude>
    <ClInclude Include="..\..\..\..\uriparser\include\uriparser\UriDefsUnicode.h">
      <Filter>include\uriparser</Filter>
    </ClInclude>
    <ClInclude Include="..\..\..\..\uriparser\include\uriparser\UriIp4.h">
      <Filter>include\uriparser</Filter>
    </ClInclude>
    <ClInclude Include="..\..\..\..\uriparser\src\UriCommon.h">
      <Filter>lib</Filter>
    </ClInclude>
    <ClInclude Include="..\..\..\..\uriparser\src\UriIp4Base.h">
      <Filter>lib</Filter>
    </ClInclude>
    <ClInclude Include="..\..\..\..\uriparser\src\UriNormalizeBase.h">
      <Filter>lib</Filter>
    </ClInclude>
    <ClInclude Include="..\..\..\..\uriparser\src\UriParseBase.h">
      <Filter>lib</Filter>
    </ClInclude>
  </ItemGroup>
  <ItemGroup>
    <ClCompile Include="..\..\..\..\uriparser\src\UriCommon.c">
      <Filter>lib</Filter>
    </ClCompile>
    <ClCompile Include="..\..\..\..\uriparser\src\UriCompare.c">
      <Filter>lib</Filter>
    </ClCompile>
    <ClCompile Include="..\..\..\..\uriparser\src\UriEscape.c">
      <Filter>lib</Filter>
    </ClCompile>
    <ClCompile Include="..\..\..\..\uriparser\src\UriFile.c">
      <Filter>lib</Filter>
    </ClCompile>
    <ClCompile Include="..\..\..\..\uriparser\src\UriIp4.c">
      <Filter>lib</Filter>
    </ClCompile>
    <ClCompile Include="..\..\..\..\uriparser\src\UriIp4Base.c">
      <Filter>lib</Filter>
    </ClCompile>
    <ClCompile Include="..\..\..\..\uriparser\src\UriNormalize.c">
      <Filter>lib</Filter>
    </ClCompile>
    <ClCompile Include="..\..\..\..\uriparser\src\UriNormalizeBase.c">
      <Filter>lib</Filter>
    </ClCompile>
    <ClCompile Include="..\..\..\..\uriparser\src\UriParse.c">
      <Filter>lib</Filter>
    </ClCompile>
    <ClCompile Include="..\..\..\..\uriparser\src\UriParseBase.c">
      <Filter>lib</Filter>
    </ClCompile>
    <ClCompile Include="..\..\..\..\uriparser\src\UriQuery.c">
      <Filter>lib</Filter>
    </ClCompile>
    <ClCompile Include="..\..\..\..\uriparser\src\UriRecompose.c">
      <Filter>lib</Filter>
    </ClCompile>
    <ClCompile Include="..\..\..\..\uriparser\src\UriResolve.c">
      <Filter>lib</Filter>
    </ClCompile>
    <ClCompile Include="..\..\..\..\uriparser\src\UriShorten.c">
      <Filter>lib</Filter>
    </ClCompile>
  </ItemGroup>
</Project>