<?xml version="1.0" encoding="utf-8"?>
<Project ToolsVersion="4.0" xmlns="http://schemas.microsoft.com/developer/msbuild/2003">
  <ItemGroup>
    <Filter Include="Header Files">
      <UniqueIdentifier>{93995380-89BD-4b04-88EB-625FBE52EBFB}</UniqueIdentifier>
      <Extensions>h;hpp;hxx;hm;inl;inc;xsd</Extensions>
    </Filter>
    <Filter Include="Header Files\apps">
      <UniqueIdentifier>{ac1b5cdb-e506-46fa-a83b-6aadc1f07158}</UniqueIdentifier>
    </Filter>
    <Filter Include="Header Files\as02">
      <UniqueIdentifier>{aa5c5125-e367-4d76-9d41-413ac02b5b76}</UniqueIdentifier>
    </Filter>
    <Filter Include="Header Files\as11">
      <UniqueIdentifier>{d6dcee9b-29fa-4718-9d3f-d614b7d63519}</UniqueIdentifier>
    </Filter>
    <Filter Include="Header Files\avid_mxf">
      <UniqueIdentifier>{7846761a-63cb-408b-a505-2c3453f7e2a6}</UniqueIdentifier>
    </Filter>
    <Filter Include="Header Files\clip_writer">
      <UniqueIdentifier>{43d34d39-31d6-4fd5-80c5-7ec790121bc6}</UniqueIdentifier>
    </Filter>
    <Filter Include="Header Files\d10_mxf">
      <UniqueIdentifier>{44fa3a8d-1685-46bd-8bf0-78cd8e90d978}</UniqueIdentifier>
    </Filter>
    <Filter Include="Header Files\essence_parser">
      <UniqueIdentifier>{894b7171-dc2f-4dbe-9a20-4a90b4a1090c}</UniqueIdentifier>
    </Filter>
    <Filter Include="Header Files\frame">
      <UniqueIdentifier>{676ac5f0-fb5f-4ebc-b8d6-4e89dd5b5eab}</UniqueIdentifier>
    </Filter>
    <Filter Include="Header Files\mxf_helper">
      <UniqueIdentifier>{28635293-1017-41ab-9d8d-29f01ea70eaa}</UniqueIdentifier>
    </Filter>
    <Filter Include="Header Files\mxf_op1a">
      <UniqueIdentifier>{7b8f62e4-a16a-4935-81e9-b4f33669a10d}</UniqueIdentifier>
    </Filter>
    <Filter Include="Header Files\mxf_reader">
      <UniqueIdentifier>{93ebc837-d420-4a2f-9f36-7a2898ad63aa}</UniqueIdentifier>
    </Filter>
    <Filter Include="Header Files\rdd9_mxf">
      <UniqueIdentifier>{3b67ba34-1a75-47e7-b411-fdc54fbc3049}</UniqueIdentifier>
    </Filter>
    <Filter Include="Header Files\st436">
      <UniqueIdentifier>{e0f4c8d5-26dd-44f4-b2ad-33e3650c64ec}</UniqueIdentifier>
    </Filter>
    <Filter Include="Header Files\wave">
      <UniqueIdentifier>{83107b05-680f-4c63-8e51-0e6ff0158bf2}</UniqueIdentifier>
    </Filter>
    <Filter Include="Header Files\writer_helper">
      <UniqueIdentifier>{cbd08818-241a-4543-bfe9-7fc6c09eaf1f}</UniqueIdentifier>
    </Filter>
    <Filter Include="Source Files">
      <UniqueIdentifier>{4FC737F1-C7A5-4376-A066-2A32D752A2FF}</UniqueIdentifier>
      <Extensions>cpp;c;cc;cxx;def;odl;idl;hpj;bat;asm;asmx</Extensions>
    </Filter>
    <Filter Include="Source Files\apps">
      <UniqueIdentifier>{74257cf7-6bc8-406b-af3c-9aa7f8da2f87}</UniqueIdentifier>
    </Filter>
    <Filter Include="Source Files\as02">
      <UniqueIdentifier>{d1026fda-1ba5-48cf-b4e5-cc5fe0e41792}</UniqueIdentifier>
    </Filter>
    <Filter Include="Source Files\as11">
      <UniqueIdentifier>{80cb27ca-4132-41b2-8b1d-21d1a0aee8b1}</UniqueIdentifier>
    </Filter>
    <Filter Include="Source Files\avid_mxf">
      <UniqueIdentifier>{2aa46870-0e1d-4f7b-8345-8cd895a73de7}</UniqueIdentifier>
    </Filter>
    <Filter Include="Source Files\clip_writer">
      <UniqueIdentifier>{0c7b67c4-6b6a-4c0a-8a02-04704363bbf0}</UniqueIdentifier>
    </Filter>
    <Filter Include="Source Files\common">
      <UniqueIdentifier>{febb10e5-dab5-4a9f-942d-d194c1457e61}</UniqueIdentifier>
    </Filter>
    <Filter Include="Source Files\d10_mxf">
      <UniqueIdentifier>{bc3df43b-98dc-4a95-902e-8ffede106aca}</UniqueIdentifier>
    </Filter>
    <Filter Include="Source Files\essence_parser">
      <UniqueIdentifier>{791bae79-9244-4810-9b55-e1d034ce04de}</UniqueIdentifier>
    </Filter>
    <Filter Include="Source Files\frame">
      <UniqueIdentifier>{3145baf3-5d1f-4eca-9be9-8126dfa67c0b}</UniqueIdentifier>
    </Filter>
    <Filter Include="Source Files\mxf_helper">
      <UniqueIdentifier>{8dc738ea-c16e-4625-9cf6-47efa9b14170}</UniqueIdentifier>
    </Filter>
    <Filter Include="Source Files\mxf_op1a">
      <UniqueIdentifier>{d4513400-b4aa-474b-9df0-d32b11e23869}</UniqueIdentifier>
    </Filter>
    <Filter Include="Source Files\mxf_reader">
      <UniqueIdentifier>{e02ee975-8f3e-4938-962e-cfcc3e563d06}</UniqueIdentifier>
    </Filter>
    <Filter Include="Source Files\rdd9_mxf">
      <UniqueIdentifier>{f26db0a5-3546-4797-bf5d-d8de7933a622}</UniqueIdentifier>
    </Filter>
    <Filter Include="Source Files\st436">
      <UniqueIdentifier>{f20e65ad-8ccc-4f94-8d01-578d7ce0d874}</UniqueIdentifier>
    </Filter>
    <Filter Include="Source Files\wave">
      <UniqueIdentifier>{8af35d7e-6b5c-4c9e-ab4e-4b7f7389b559}</UniqueIdentifier>
    </Filter>
    <Filter Include="Source Files\writer_helper">
      <UniqueIdentifier>{079a24dc-d026-4674-8bd2-a771dff18fc2}</UniqueIdentifier>
    </Filter>
  </ItemGroup>
  <ItemGroup>
    <ClInclude Include="bmx_scm_version.h">
      <Filter>Header Files</Filter>
    </ClInclude>
    <ClInclude Include="..\..\..\include\bmx\BitBuffer.h">
      <Filter>Header Files</Filter>
    </ClInclude>
    <ClInclude Include="..\..\..\include\bmx\BMXException.h">
      <Filter>Header Files</Filter>
    </ClInclude>
    <ClInclude Include="..\..\..\include\bmx\BMXTypes.h">
      <Filter>Header Files</Filter>
    </ClInclude>
    <ClInclude Include="..\..\..\include\bmx\ByteArray.h">
      <Filter>Header Files</Filter>
    </ClInclude>
    <ClInclude Include="..\..\..\include\bmx\Checksum.h">
      <Filter>Header Files</Filter>
    </ClInclude>
    <ClInclude Include="..\..\..\include\bmx\CRC32.h">
      <Filter>Header Files</Filter>
    </ClInclude>
    <ClInclude Include="..\..\..\include\bmx\EssenceType.h">
      <Filter>Header Files</Filter>
    </ClInclude>
    <ClInclude Include="..\inttypes.h">
      <Filter>Header Files</Filter>
    </ClInclude>
    <ClInclude Include="..\..\..\include\bmx\KLVParser.h">
      <Filter>Header Files</Filter>
    </ClInclude>
    <ClInclude Include="..\..\..\include\bmx\Logging.h">
      <Filter>Header Files</Filter>
    </ClInclude>
    <ClInclude Include="..\..\..\include\bmx\MD5.h">
      <Filter>Header Files</Filter>
    </ClInclude>
    <ClInclude Include="..\..\..\include\bmx\MXFUtils.h">
      <Filter>Header Files</Filter>
    </ClInclude>
    <ClInclude Include="..\..\..\include\bmx\SHA1.h">
      <Filter>Header Files</Filter>
    </ClInclude>
    <ClInclude Include="..\..\..\include\bmx\URI.h">
      <Filter>Header Files</Filter>
    </ClInclude>
    <ClInclude Include="..\..\..\include\bmx\Utils.h">
      <Filter>Header Files</Filter>
    </ClInclude>
    <ClInclude Include="..\..\..\include\bmx\Version.h">
      <Filter>Header Files</Filter>
    </ClInclude>
    <ClInclude Include="..\..\..\include\bmx\XMLUtils.h">
      <Filter>Header Files</Filter>
    </ClInclude>
    <ClInclude Include="..\..\..\include\bmx\XMLWriter.h">
      <Filter>Header Files</Filter>
    </ClInclude>
    <ClInclude Include="..\..\..\include\bmx\apps\AppInfoWriter.h">
      <Filter>Header Files\apps</Filter>
    </ClInclude>
    <ClInclude Include="..\..\..\include\bmx\apps\AppMXFFileFactory.h">
      <Filter>Header Files\apps</Filter>
    </ClInclude>
    <ClInclude Include="..\..\..\include\bmx\apps\AppTextInfoWriter.h">
      <Filter>Header Files\apps</Filter>
    </ClInclude>
    <ClInclude Include="..\..\..\include\bmx\apps\AppUtils.h">
      <Filter>Header Files\apps</Filter>
    </ClInclude>
    <ClInclude Include="..\..\..\include\bmx\apps\AppXMLInfoWriter.h">
      <Filter>Header Files\apps</Filter>
    </ClInclude>
    <ClInclude Include="..\..\..\include\bmx\apps\AS11Helper.h">
      <Filter>Header Files\apps</Filter>
    </ClInclude>
    <ClInclude Include="..\..\..\src\apps\ps_avci_header_data.h">
      <Filter>Header Files\apps</Filter>
    </ClInclude>
    <ClInclude Include="..\..\..\include\bmx\as02\AS02AVCITrack.h">
      <Filter>Header Files\as02</Filter>
    </ClInclude>
    <ClInclude Include="..\..\..\include\bmx\as02\AS02Bundle.h">
      <Filter>Header Files\as02</Filter>
    </ClInclude>
    <ClInclude Include="..\..\..\include\bmx\as02\AS02Clip.h">
      <Filter>Header Files\as02</Filter>
    </ClInclude>
    <ClInclude Include="..\..\..\include\bmx\as02\AS02D10Track.h">
      <Filter>Header Files\as02</Filter>
    </ClInclude>
    <ClInclude Include="..\..\..\include\bmx\as02\AS02DVTrack.h">
      <Filter>Header Files\as02</Filter>
    </ClInclude>
    <ClInclude Include="..\..\..\include\bmx\as02\AS02Manifest.h">
      <Filter>Header Files\as02</Filter>
    </ClInclude>
    <ClInclude Include="..\..\..\include\bmx\as02\AS02MPEG2LGTrack.h">
      <Filter>Header Files\as02</Filter>
    </ClInclude>
    <ClInclude Include="..\..\..\include\bmx\as02\AS02PCMTrack.h">
      <Filter>Header Files\as02</Filter>
    </ClInclude>
    <ClInclude Include="..\..\..\include\bmx\as02\AS02PictureTrack.h">
      <Filter>Header Files\as02</Filter>
    </ClInclude>
    <ClInclude Include="..\..\..\include\bmx\as02\AS02Shim.h">
      <Filter>Header Files\as02</Filter>
    </ClInclude>
    <ClInclude Include="..\..\..\include\bmx\as02\AS02Track.h">
      <Filter>Header Files\as02</Filter>
    </ClInclude>
    <ClInclude Include="..\..\..\include\bmx\as02\AS02UncTrack.h">
      <Filter>Header Files\as02</Filter>
    </ClInclude>
    <ClInclude Include="..\..\..\include\bmx\as02\AS02Version.h">
      <Filter>Header Files\as02</Filter>
    </ClInclude>
    <ClInclude Include="..\..\..\include\bmx\as11\as11_extensions_data_model.h">
      <Filter>Header Files\as11</Filter>
    </ClInclude>
    <ClInclude Include="..\..\..\include\bmx\as11\AS11CoreFramework.h">
      <Filter>Header Files\as11</Filter>
    </ClInclude>
    <ClInclude Include="..\..\..\include\bmx\as11\AS11DMS.h">
      <Filter>Header Files\as11</Filter>
    </ClInclude>
    <ClInclude Include="..\..\..\include\bmx\as11\AS11Info.h">
      <Filter>Header Files\as11</Filter>
    </ClInclude>
    <ClInclude Include="..\..\..\include\bmx\as11\AS11SegmentationFramework.h">
      <Filter>Header Files\as11</Filter>
    </ClInclude>
    <ClInclude Include="..\..\..\include\bmx\as11\AS11WriterHelper.h">
      <Filter>Header Files\as11</Filter>
    </ClInclude>
    <ClInclude Include="..\..\..\include\bmx\as11\uk_dpp_extensions_data_model.h">
      <Filter>Header Files\as11</Filter>
    </ClInclude>
    <ClInclude Include="..\..\..\include\bmx\as11\UKDPPDMS.h">
      <Filter>Header Files\as11</Filter>
    </ClInclude>
    <ClInclude Include="..\..\..\include\bmx\as11\UKDPPFramework.h">
      <Filter>Header Files\as11</Filter>
    </ClInclude>
    <ClInclude Include="..\..\..\include\bmx\avid_mxf\AvidAlphaTrack.h">
      <Filter>Header Files\avid_mxf</Filter>
    </ClInclude>
    <ClInclude Include="..\..\..\include\bmx\avid_mxf\AvidAVCITrack.h">
      <Filter>Header Files\avid_mxf</Filter>
    </ClInclude>
    <ClInclude Include="..\..\..\include\bmx\avid_mxf\AvidClip.h">
      <Filter>Header Files\avid_mxf</Filter>
    </ClInclude>
    <ClInclude Include="..\..\..\include\bmx\avid_mxf\AvidD10Track.h">
      <Filter>Header Files\avid_mxf</Filter>
    </ClInclude>
    <ClInclude Include="..\..\..\include\bmx\avid_mxf\AvidDVTrack.h">
      <Filter>Header Files\avid_mxf</Filter>
    </ClInclude>
    <ClInclude Include="..\..\..\include\bmx\avid_mxf\AvidInfo.h">
      <Filter>Header Files\avid_mxf</Filter>
    </ClInclude>
    <ClInclude Include="..\..\..\include\bmx\avid_mxf\AvidMJPEGTrack.h">
      <Filter>Header Files\avid_mxf</Filter>
    </ClInclude>
    <ClInclude Include="..\..\..\include\bmx\avid_mxf\AvidMPEG2LGTrack.h">
      <Filter>Header Files\avid_mxf</Filter>
    </ClInclude>
    <ClInclude Include="..\..\..\include\bmx\avid_mxf\AvidPCMTrack.h">
      <Filter>Header Files\avid_mxf</Filter>
    </ClInclude>
    <ClInclude Include="..\..\..\include\bmx\avid_mxf\AvidPictureTrack.h">
      <Filter>Header Files\avid_mxf</Filter>
    </ClInclude>
    <ClInclude Include="..\..\..\src\avid_mxf\AvidRGBColors.h">
      <Filter>Header Files\avid_mxf</Filter>
    </ClInclude>
    <ClInclude Include="..\..\..\include\bmx\avid_mxf\AvidTrack.h">
      <Filter>Header Files\avid_mxf</Filter>
    </ClInclude>
    <ClInclude Include="..\..\..\include\bmx\avid_mxf\AvidTypes.h">
      <Filter>Header Files\avid_mxf</Filter>
    </ClInclude>
    <ClInclude Include="..\..\..\include\bmx\avid_mxf\AvidUncTrack.h">
      <Filter>Header Files\avid_mxf</Filter>
    </ClInclude>
    <ClInclude Include="..\..\..\include\bmx\avid_mxf\AvidVC3Track.h">
      <Filter>Header Files\avid_mxf</Filter>
    </ClInclude>
    <ClInclude Include="..\..\..\include\bmx\clip_writer\ClipWriter.h">
      <Filter>Header Files\clip_writer</Filter>
    </ClInclude>
    <ClInclude Include="..\..\..\include\bmx\clip_writer\ClipWriterTrack.h">
      <Filter>Header Files\clip_writer</Filter>
    </ClInclude>
    <ClInclude Include="..\..\..\include\bmx\d10_mxf\D10ContentPackage.h">
      <Filter>Header Files\d10_mxf</Filter>
    </ClInclude>
    <ClInclude Include="..\..\..\include\bmx\d10_mxf\D10File.h">
      <Filter>Header Files\d10_mxf</Filter>
    </ClInclude>
    <ClInclude Include="..\..\..\include\bmx\d10_mxf\D10MPEGTrack.h">
      <Filter>Header Files\d10_mxf</Filter>
    </ClInclude>
    <ClInclude Include="..\..\..\include\bmx\d10_mxf\D10PCMTrack.h">
      <Filter>Header Files\d10_mxf</Filter>
    </ClInclude>
    <ClInclude Include="..\..\..\include\bmx\d10_mxf\D10Track.h">
      <Filter>Header Files\d10_mxf</Filter>
    </ClInclude>
    <ClInclude Include="..\..\..\include\bmx\essence_parser\AVCEssenceParser.h">
      <Filter>Header Files\essence_parser</Filter>
    </ClInclude>
    <ClInclude Include="..\..\..\include\bmx\essence_parser\AVCIEssenceParser.h">
      <Filter>Header Files\essence_parser</Filter>
    </ClInclude>
    <ClInclude Include="..\..\..\include\bmx\essence_parser\AVCIRawEssenceReader.h">
      <Filter>Header Files\essence_parser</Filter>
    </ClInclude>
    <ClInclude Include="..\..\..\include\bmx\essence_parser\DVEssenceParser.h">
      <Filter>Header Files\essence_parser</Filter>
    </ClInclude>
    <ClInclude Include="..\..\..\include\bmx\essence_parser\EssenceFilter.h">
      <Filter>Header Files\essence_parser</Filter>
    </ClInclude>
    <ClInclude Include="..\..\..\include\bmx\essence_parser\EssenceParser.h">
      <Filter>Header Files\essence_parser</Filter>
    </ClInclude>
    <ClInclude Include="..\..\..\include\bmx\essence_parser\EssenceSource.h">
      <Filter>Header Files\essence_parser</Filter>
    </ClInclude>
    <ClInclude Include="..\..\..\include\bmx\essence_parser\FileEssenceSource.h">
      <Filter>Header Files\essence_parser</Filter>
    </ClInclude>
    <ClInclude Include="..\..\..\include\bmx\essence_parser\KLVEssenceSource.h">
      <Filter>Header Files\essence_parser</Filter>
    </ClInclude>
    <ClInclude Include="..\..\src\essence_parser\EssenceParserUtils.h">
      <Filter>Header Files\essence_parser</Filter>
    </ClInclude>
    <ClInclude Include="..\..\..\include\bmx\essence_parser\MJPEGEssenceParser.h">
      <Filter>Header Files\essence_parser</Filter>
    </ClInclude>
    <ClInclude Include="..\..\..\include\bmx\essence_parser\MPEG2AspectRatioFilter.h">
      <Filter>Header Files\essence_parser</Filter>
    </ClInclude>
    <ClInclude Include="..\..\..\include\bmx\essence_parser\MPEG2EssenceParser.h">
      <Filter>Header Files\essence_parser</Filter>
    </ClInclude>
    <ClInclude Include="..\..\..\include\bmx\essence_parser\RawEssenceReader.h">
      <Filter>Header Files\essence_parser</Filter>
    </ClInclude>
    <ClInclude Include="..\..\..\include\bmx\essence_parser\SoundConversion.h">
      <Filter>Header Files\essence_parser</Filter>
    </ClInclude>
    <ClInclude Include="..\..\..\include\bmx\essence_parser\VC3EssenceParser.h">
      <Filter>Header Files\essence_parser</Filter>
    </ClInclude>
    <ClInclude Include="..\..\..\include\bmx\frame\DataBufferArray.h">
      <Filter>Header Files\frame</Filter>
    </ClInclude>
    <ClInclude Include="..\..\..\include\bmx\frame\Frame.h">
      <Filter>Header Files\frame</Filter>
    </ClInclude>
    <ClInclude Include="..\..\..\include\bmx\frame\FrameBuffer.h">
      <Filter>Header Files\frame</Filter>
    </ClInclude>
    <ClInclude Include="..\..\..\include\bmx\mxf_helper\ANCDataMXFDescriptorHelper.h">
      <Filter>Header Files\mxf_helper</Filter>
    </ClInclude>
    <ClInclude Include="..\..\..\include\bmx\mxf_helper\AVCIntraUncsMXFDescriptorHelper.h">
      <Filter>Header Files\mxf_helper</Filter>
    </ClInclude>
    <ClInclude Include="..\..\..\include\bmx\mxf_helper\AVCIMXFDescriptorHelper.h">
      <Filter>Header Files\mxf_helper</Filter>
    </ClInclude>
    <ClInclude Include="..\..\..\include\bmx\mxf_helper\D10MXFDescriptorHelper.h">
      <Filter>Header Files\mxf_helper</Filter>
    </ClInclude>
    <ClInclude Include="..\..\..\include\bmx\mxf_helper\DataMXFDescriptorHelper.h">
      <Filter>Header Files\mxf_helper</Filter>
    </ClInclude>
    <ClInclude Include="..\..\..\include\bmx\mxf_helper\DVMXFDescriptorHelper.h">
      <Filter>Header Files\mxf_helper</Filter>
    </ClInclude>
    <ClInclude Include="..\..\..\include\bmx\mxf_helper\MJPEGMXFDescriptorHelper.h">
      <Filter>Header Files\mxf_helper</Filter>
    </ClInclude>
    <ClInclude Include="..\..\..\include\bmx\mxf_helper\MPEG2LGMXFDescriptorHelper.h">
      <Filter>Header Files\mxf_helper</Filter>
    </ClInclude>
    <ClInclude Include="..\..\..\include\bmx\mxf_helper\MXFDescriptorHelper.h">
      <Filter>Header Files\mxf_helper</Filter>
    </ClInclude>
    <ClInclude Include="..\..\..\include\bmx\mxf_helper\MXFFileFactory.h">
      <Filter>Header Files\mxf_helper</Filter>
    </ClInclude>
    <ClInclude Include="..\..\..\include\bmx\mxf_helper\PictureMXFDescriptorHelper.h">
      <Filter>Header Files\mxf_helper</Filter>
    </ClInclude>
    <ClInclude Include="..\..\..\include\bmx\mxf_helper\SoundMXFDescriptorHelper.h">
      <Filter>Header Files\mxf_helper</Filter>
    </ClInclude>
    <ClInclude Include="..\..\..\include\bmx\mxf_helper\UncCDCIMXFDescriptorHelper.h">
      <Filter>Header Files\mxf_helper</Filter>
    </ClInclude>
    <ClInclude Include="..\..\..\include\bmx\mxf_helper\UncRGBAMXFDescriptorHelper.h">
      <Filter>Header Files\mxf_helper</Filter>
    </ClInclude>
    <ClInclude Include="..\..\..\include\bmx\mxf_helper\VBIDataMXFDescriptorHelper.h">
      <Filter>Header Files\mxf_helper</Filter>
    </ClInclude>
    <ClInclude Include="..\..\..\include\bmx\mxf_helper\VC3MXFDescriptorHelper.h">
      <Filter>Header Files\mxf_helper</Filter>
    </ClInclude>
    <ClInclude Include="..\..\..\include\bmx\mxf_helper\WaveMXFDescriptorHelper.h">
      <Filter>Header Files\mxf_helper</Filter>
    </ClInclude>
    <ClInclude Include="..\..\..\include\bmx\mxf_op1a\OP1AANCDataTrack.h">
      <Filter>Header Files\mxf_op1a</Filter>
    </ClInclude>
    <ClInclude Include="..\..\..\include\bmx\mxf_op1a\OP1AAVCITrack.h">
      <Filter>Header Files\mxf_op1a</Filter>
    </ClInclude>
    <ClInclude Include="..\..\..\include\bmx\mxf_op1a\OP1AContentPackage.h">
      <Filter>Header Files\mxf_op1a</Filter>
    </ClInclude>
    <ClInclude Include="..\..\..\include\bmx\mxf_op1a\OP1ADataTrack.h">
      <Filter>Header Files\mxf_op1a</Filter>
    </ClInclude>
    <ClInclude Include="..\..\..\include\bmx\mxf_op1a\OP1AD10Track.h">
      <Filter>Header Files\mxf_op1a</Filter>
    </ClInclude>
    <ClInclude Include="..\..\..\include\bmx\mxf_op1a\OP1ADVTrack.h">
      <Filter>Header Files\mxf_op1a</Filter>
    </ClInclude>
    <ClInclude Include="..\..\..\include\bmx\mxf_op1a\OP1AFile.h">
      <Filter>Header Files\mxf_op1a</Filter>
    </ClInclude>
    <ClInclude Include="..\..\..\include\bmx\mxf_op1a\OP1AIndexTable.h">
      <Filter>Header Files\mxf_op1a</Filter>
    </ClInclude>
    <ClInclude Include="..\..\..\include\bmx\mxf_op1a\OP1AMPEG2LGTrack.h">
      <Filter>Header Files\mxf_op1a</Filter>
    </ClInclude>
    <ClInclude Include="..\..\..\include\bmx\mxf_op1a\OP1APCMTrack.h">
      <Filter>Header Files\mxf_op1a</Filter>
    </ClInclude>
    <ClInclude Include="..\..\..\include\bmx\mxf_op1a\OP1APictureTrack.h">
      <Filter>Header Files\mxf_op1a</Filter>
    </ClInclude>
    <ClInclude Include="..\..\..\include\bmx\mxf_op1a\OP1ATrack.h">
      <Filter>Header Files\mxf_op1a</Filter>
    </ClInclude>
    <ClInclude Include="..\..\..\include\bmx\mxf_op1a\OP1AUncTrack.h">
      <Filter>Header Files\mxf_op1a</Filter>
    </ClInclude>
    <ClInclude Include="..\..\..\include\bmx\mxf_op1a\OP1AVBIDataTrack.h">
      <Filter>Header Files\mxf_op1a</Filter>
    </ClInclude>
    <ClInclude Include="..\..\..\include\bmx\mxf_op1a\OP1AVC3Track.h">
      <Filter>Header Files\mxf_op1a</Filter>
    </ClInclude>
    <ClInclude Include="..\..\..\include\bmx\mxf_reader\EssenceChunkHelper.h">
      <Filter>Header Files\mxf_reader</Filter>
    </ClInclude>
    <ClInclude Include="..\..\..\include\bmx\mxf_reader\EssenceReader.h">
      <Filter>Header Files\mxf_reader</Filter>
    </ClInclude>
    <ClInclude Include="..\..\..\include\bmx\mxf_reader\FrameMetadataReader.h">
      <Filter>Header Files\mxf_reader</Filter>
    </ClInclude>
    <ClInclude Include="..\..\..\include\bmx\mxf_reader\IndexTableHelper.h">
      <Filter>Header Files\mxf_reader</Filter>
    </ClInclude>
    <ClInclude Include="..\..\..\include\bmx\mxf_reader\MXFAPPInfo.h">
      <Filter>Header Files\mxf_reader</Filter>
    </ClInclude>
    <ClInclude Include="..\..\..\include\bmx\mxf_reader\MXFFileIndex.h">
      <Filter>Header Files\mxf_reader</Filter>
    </ClInclude>
    <ClInclude Include="..\..\..\include\bmx\mxf_reader\MXFFileReader.h">
      <Filter>Header Files\mxf_reader</Filter>
    </ClInclude>
    <ClInclude Include="..\..\..\include\bmx\mxf_reader\MXFFileTrackReader.h">
      <Filter>Header Files\mxf_reader</Filter>
    </ClInclude>
    <ClInclude Include="..\..\..\include\bmx\mxf_reader\MXFFrameBuffer.h">
      <Filter>Header Files\mxf_reader</Filter>
    </ClInclude>
    <ClInclude Include="..\..\..\include\bmx\mxf_reader\MXFFrameMetadata.h">
      <Filter>Header Files\mxf_reader</Filter>
    </ClInclude>
    <ClInclude Include="..\..\..\include\bmx\mxf_reader\MXFGroupReader.h">
      <Filter>Header Files\mxf_reader</Filter>
    </ClInclude>
    <ClInclude Include="..\..\..\include\bmx\mxf_reader\MXFIndexEntryExt.h">
      <Filter>Header Files\mxf_reader</Filter>
    </ClInclude>
    <ClInclude Include="..\..\..\include\bmx\mxf_reader\MXFPackageResolver.h">
      <Filter>Header Files\mxf_reader</Filter>
    </ClInclude>
    <ClInclude Include="..\..\..\include\bmx\mxf_reader\MXFReader.h">
      <Filter>Header Files\mxf_reader</Filter>
    </ClInclude>
    <ClInclude Include="..\..\..\include\bmx\mxf_reader\MXFSequenceReader.h">
      <Filter>Header Files\mxf_reader</Filter>
    </ClInclude>
    <ClInclude Include="..\..\..\include\bmx\mxf_reader\MXFSequenceTrackReader.h">
      <Filter>Header Files\mxf_reader</Filter>
    </ClInclude>
    <ClInclude Include="..\..\..\include\bmx\mxf_reader\MXFTrackInfo.h">
      <Filter>Header Files\mxf_reader</Filter>
    </ClInclude>
    <ClInclude Include="..\..\..\include\bmx\mxf_reader\MXFTrackReader.h">
      <Filter>Header Files\mxf_reader</Filter>
    </ClInclude>
    <ClInclude Include="..\..\..\include\bmx\rdd9_mxf\RDD9ContentPackage.h">
      <Filter>Header Files\rdd9_mxf</Filter>
    </ClInclude>
    <ClInclude Include="..\..\..\include\bmx\rdd9_mxf\RDD9File.h">
      <Filter>Header Files\rdd9_mxf</Filter>
    </ClInclude>
    <ClInclude Include="..\..\..\include\bmx\rdd9_mxf\RDD9IndexTable.h">
      <Filter>Header Files\rdd9_mxf</Filter>
    </ClInclude>
    <ClInclude Include="..\..\..\include\bmx\rdd9_mxf\RDD9MPEG2LGTrack.h">
      <Filter>Header Files\rdd9_mxf</Filter>
    </ClInclude>
    <ClInclude Include="..\..\..\include\bmx\rdd9_mxf\RDD9PCMTrack.h">
      <Filter>Header Files\rdd9_mxf</Filter>
    </ClInclude>
    <ClInclude Include="..\..\..\include\bmx\rdd9_mxf\RDD9Track.h">
      <Filter>Header Files\rdd9_mxf</Filter>
    </ClInclude>
    <ClInclude Include="..\..\..\include\bmx\st436\RDD6BitBuffer.h">
      <Filter>Header Files\st436</Filter>
    </ClInclude>
    <ClInclude Include="..\..\..\include\bmx\st436\RDD6Metadata.h">
      <Filter>Header Files\st436</Filter>
    </ClInclude>
    <ClInclude Include="..\..\..\include\bmx\st436\ST436Element.h">
      <Filter>Header Files\st436</Filter>
    </ClInclude>
    <ClInclude Include="..\..\..\src\st436\RDD6MetadataExpat.h">
      <Filter>Header Files\st436</Filter>
    </ClInclude>
    <ClInclude Include="..\..\..\include\bmx\wave\WaveBEXT.h">
      <Filter>Header Files\wave</Filter>
    </ClInclude>
    <ClInclude Include="..\..\..\include\bmx\wave\WaveFileIO.h">
      <Filter>Header Files\wave</Filter>
    </ClInclude>
    <ClInclude Include="..\..\..\include\bmx\wave\WaveIO.h">
      <Filter>Header Files\wave</Filter>
    </ClInclude>
    <ClInclude Include="..\..\..\include\bmx\wave\WaveReader.h">
      <Filter>Header Files\wave</Filter>
    </ClInclude>
    <ClInclude Include="..\..\..\include\bmx\wave\WaveTrackReader.h">
      <Filter>Header Files\wave</Filter>
    </ClInclude>
    <ClInclude Include="..\..\..\include\bmx\wave\WaveTrackWriter.h">
      <Filter>Header Files\wave</Filter>
    </ClInclude>
    <ClInclude Include="..\..\..\include\bmx\wave\WaveWriter.h">
      <Filter>Header Files\wave</Filter>
    </ClInclude>
    <ClInclude Include="..\..\..\include\bmx\writer_helper\AVCIWriterHelper.h">
      <Filter>Header Files\writer_helper</Filter>
    </ClInclude>
    <ClInclude Include="..\..\..\include\bmx\writer_helper\D10WriterHelper.h">
      <Filter>Header Files\writer_helper</Filter>
    </ClInclude>
    <ClInclude Include="..\..\..\include\bmx\writer_helper\MPEG2LGWriterHelper.h">
      <Filter>Header Files\writer_helper</Filter>
    </ClInclude>
    <ClInclude Include="..\..\..\src\st436\RDD6MetadataXML.h">
      <Filter>Header Files\st436</Filter>
    </ClInclude>
  </ItemGroup>
  <ItemGroup>
    <ClCompile Include="..\..\..\src\apps\AppInfoWriter.cpp">
      <Filter>Source Files\apps</Filter>
    </ClCompile>
    <ClCompile Include="..\..\..\src\apps\AppMXFFileFactory.cpp">
      <Filter>Source Files\apps</Filter>
    </ClCompile>
    <ClCompile Include="..\..\..\src\apps\AppTextInfoWriter.cpp">
      <Filter>Source Files\apps</Filter>
    </ClCompile>
    <ClCompile Include="..\..\..\src\apps\AppUtils.cpp">
      <Filter>Source Files\apps</Filter>
    </ClCompile>
    <ClCompile Include="..\..\..\src\apps\AppXMLInfoWriter.cpp">
      <Filter>Source Files\apps</Filter>
    </ClCompile>
    <ClCompile Include="..\..\..\src\apps\AS11Helper.cpp">
      <Filter>Source Files\apps</Filter>
    </ClCompile>
    <ClCompile Include="..\..\..\src\as02\AS02AVCITrack.cpp">
      <Filter>Source Files\as02</Filter>
    </ClCompile>
    <ClCompile Include="..\..\..\src\as02\AS02Bundle.cpp">
      <Filter>Source Files\as02</Filter>
    </ClCompile>
    <ClCompile Include="..\..\..\src\as02\AS02Clip.cpp">
      <Filter>Source Files\as02</Filter>
    </ClCompile>
    <ClCompile Include="..\..\..\src\as02\AS02D10Track.cpp">
      <Filter>Source Files\as02</Filter>
    </ClCompile>
    <ClCompile Include="..\..\..\src\as02\AS02DVTrack.cpp">
      <Filter>Source Files\as02</Filter>
    </ClCompile>
    <ClCompile Include="..\..\..\src\as02\AS02Manifest.cpp">
      <Filter>Source Files\as02</Filter>
    </ClCompile>
    <ClCompile Include="..\..\..\src\as02\AS02MPEG2LGTrack.cpp">
      <Filter>Source Files\as02</Filter>
    </ClCompile>
    <ClCompile Include="..\..\..\src\as02\AS02PCMTrack.cpp">
      <Filter>Source Files\as02</Filter>
    </ClCompile>
    <ClCompile Include="..\..\..\src\as02\AS02PictureTrack.cpp">
      <Filter>Source Files\as02</Filter>
    </ClCompile>
    <ClCompile Include="..\..\..\src\as02\AS02Shim.cpp">
      <Filter>Source Files\as02</Filter>
    </ClCompile>
    <ClCompile Include="..\..\..\src\as02\AS02Track.cpp">
      <Filter>Source Files\as02</Filter>
    </ClCompile>
    <ClCompile Include="..\..\..\src\as02\AS02UncTrack.cpp">
      <Filter>Source Files\as02</Filter>
    </ClCompile>
    <ClCompile Include="..\..\..\src\as02\AS02Version.cpp">
      <Filter>Source Files\as02</Filter>
    </ClCompile>
    <ClCompile Include="..\..\..\src\as11\AS11CoreFramework.cpp">
      <Filter>Source Files\as11</Filter>
    </ClCompile>
    <ClCompile Include="..\..\..\src\as11\AS11DMS.cpp">
      <Filter>Source Files\as11</Filter>
    </ClCompile>
    <ClCompile Include="..\..\..\src\as11\AS11Info.cpp">
      <Filter>Source Files\as11</Filter>
    </ClCompile>
    <ClCompile Include="..\..\..\src\as11\AS11SegmentationFramework.cpp">
      <Filter>Source Files\as11</Filter>
    </ClCompile>
    <ClCompile Include="..\..\..\src\as11\AS11WriterHelper.cpp">
      <Filter>Source Files\as11</Filter>
    </ClCompile>
    <ClCompile Include="..\..\..\src\as11\UKDPPDMS.cpp">
      <Filter>Source Files\as11</Filter>
    </ClCompile>
    <ClCompile Include="..\..\..\src\as11\UKDPPFramework.cpp">
      <Filter>Source Files\as11</Filter>
    </ClCompile>
    <ClCompile Include="..\..\..\src\avid_mxf\AvidAlphaTrack.cpp">
      <Filter>Source Files\avid_mxf</Filter>
    </ClCompile>
    <ClCompile Include="..\..\..\src\avid_mxf\AvidAVCITrack.cpp">
      <Filter>Source Files\avid_mxf</Filter>
    </ClCompile>
    <ClCompile Include="..\..\..\src\avid_mxf\AvidClip.cpp">
      <Filter>Source Files\avid_mxf</Filter>
    </ClCompile>
    <ClCompile Include="..\..\..\src\avid_mxf\AvidD10Track.cpp">
      <Filter>Source Files\avid_mxf</Filter>
    </ClCompile>
    <ClCompile Include="..\..\..\src\avid_mxf\AvidDVTrack.cpp">
      <Filter>Source Files\avid_mxf</Filter>
    </ClCompile>
    <ClCompile Include="..\..\..\src\avid_mxf\AvidInfo.cpp">
      <Filter>Source Files\avid_mxf</Filter>
    </ClCompile>
    <ClCompile Include="..\..\..\src\avid_mxf\AvidMJPEGTrack.cpp">
      <Filter>Source Files\avid_mxf</Filter>
    </ClCompile>
    <ClCompile Include="..\..\..\src\avid_mxf\AvidMPEG2LGTrack.cpp">
      <Filter>Source Files\avid_mxf</Filter>
    </ClCompile>
    <ClCompile Include="..\..\..\src\avid_mxf\AvidPCMTrack.cpp">
      <Filter>Source Files\avid_mxf</Filter>
    </ClCompile>
    <ClCompile Include="..\..\..\src\avid_mxf\AvidPictureTrack.cpp">
      <Filter>Source Files\avid_mxf</Filter>
    </ClCompile>
    <ClCompile Include="..\..\..\src\avid_mxf\AvidTrack.cpp">
      <Filter>Source Files\avid_mxf</Filter>
    </ClCompile>
    <ClCompile Include="..\..\..\src\avid_mxf\AvidUncTrack.cpp">
      <Filter>Source Files\avid_mxf</Filter>
    </ClCompile>
    <ClCompile Include="..\..\..\src\avid_mxf\AvidVC3Track.cpp">
      <Filter>Source Files\avid_mxf</Filter>
    </ClCompile>
    <ClCompile Include="..\..\..\src\clip_writer\ClipWriter.cpp">
      <Filter>Source Files\clip_writer</Filter>
    </ClCompile>
    <ClCompile Include="..\..\..\src\clip_writer\ClipWriterTrack.cpp">
      <Filter>Source Files\clip_writer</Filter>
    </ClCompile>
    <ClCompile Include="..\..\..\src\common\BitBuffer.cpp">
      <Filter>Source Files\common</Filter>
    </ClCompile>
    <ClCompile Include="..\..\..\src\common\BMXException.cpp">
      <Filter>Source Files\common</Filter>
    </ClCompile>
    <ClCompile Include="..\..\..\src\common\BMXTypes.cpp">
      <Filter>Source Files\common</Filter>
    </ClCompile>
    <ClCompile Include="..\..\..\src\common\ByteArray.cpp">
      <Filter>Source Files\common</Filter>
    </ClCompile>
    <ClCompile Include="..\..\..\src\common\Checksum.cpp">
      <Filter>Source Files\common</Filter>
    </ClCompile>
    <ClCompile Include="..\..\..\src\common\CRC32.cpp">
      <Filter>Source Files\common</Filter>
    </ClCompile>
    <ClCompile Include="..\..\..\src\common\EssenceType.cpp">
      <Filter>Source Files\common</Filter>
    </ClCompile>
    <ClCompile Include="..\..\..\src\common\KLVParser.cpp">
      <Filter>Source Files\common</Filter>
    </ClCompile>
    <ClCompile Include="..\..\..\src\common\Logging.cpp">
      <Filter>Source Files\common</Filter>
    </ClCompile>
    <ClCompile Include="..\..\..\src\common\MD5.cpp">
      <Filter>Source Files\common</Filter>
    </ClCompile>
    <ClCompile Include="..\..\..\src\common\MXFUtils.cpp">
      <Filter>Source Files\common</Filter>
    </ClCompile>
    <ClCompile Include="..\..\..\src\common\SHA1.cpp">
      <Filter>Source Files\common</Filter>
    </ClCompile>
    <ClCompile Include="..\..\..\src\common\URI.cpp">
      <Filter>Source Files\common</Filter>
    </ClCompile>
    <ClCompile Include="..\..\..\src\common\Utils.cpp">
      <Filter>Source Files\common</Filter>
    </ClCompile>
    <ClCompile Include="..\..\..\src\common\Version.cpp">
      <Filter>Source Files\common</Filter>
    </ClCompile>
    <ClCompile Include="..\..\..\src\common\XMLUtils.cpp">
      <Filter>Source Files\common</Filter>
    </ClCompile>
    <ClCompile Include="..\..\..\src\common\XMLWriter.cpp">
      <Filter>Source Files\common</Filter>
    </ClCompile>
    <ClCompile Include="..\..\..\src\d10_mxf\D10ContentPackage.cpp">
      <Filter>Source Files\d10_mxf</Filter>
    </ClCompile>
    <ClCompile Include="..\..\..\src\d10_mxf\D10File.cpp">
      <Filter>Source Files\d10_mxf</Filter>
    </ClCompile>
    <ClCompile Include="..\..\..\src\d10_mxf\D10MPEGTrack.cpp">
      <Filter>Source Files\d10_mxf</Filter>
    </ClCompile>
    <ClCompile Include="..\..\..\src\d10_mxf\D10PCMTrack.cpp">
      <Filter>Source Files\d10_mxf</Filter>
    </ClCompile>
    <ClCompile Include="..\..\..\src\d10_mxf\D10Track.cpp">
      <Filter>Source Files\d10_mxf</Filter>
    </ClCompile>
    <ClCompile Include="..\..\..\src\essence_parser\AVCEssenceParser.cpp">
      <Filter>Source Files\essence_parser</Filter>
    </ClCompile>
    <ClCompile Include="..\..\..\src\essence_parser\AVCIEssenceParser.cpp">
      <Filter>Source Files\essence_parser</Filter>
    </ClCompile>
    <ClCompile Include="..\..\..\src\essence_parser\AVCIRawEssenceReader.cpp">
      <Filter>Source Files\essence_parser</Filter>
    </ClCompile>
    <ClCompile Include="..\..\..\src\essence_parser\DVEssenceParser.cpp">
      <Filter>Source Files\essence_parser</Filter>
    </ClCompile>
    <ClCompile Include="..\..\..\src\essence_parser\EssenceParserUtils.cpp">
      <Filter>Source Files\essence_parser</Filter>
    </ClCompile>
    <ClCompile Include="..\..\..\src\essence_parser\FileEssenceSource.cpp">
      <Filter>Source Files\essence_parser</Filter>
    </ClCompile>
    <ClCompile Include="..\..\..\src\essence_parser\KLVEssenceSource.cpp">
      <Filter>Source Files\essence_parser</Filter>
    </ClCompile>
    <ClCompile Include="..\..\..\src\essence_parser\MJPEGEssenceParser.cpp">
      <Filter>Source Files\essence_parser</Filter>
    </ClCompile>
    <ClCompile Include="..\..\..\src\essence_parser\MPEG2AspectRatioFilter.cpp">
      <Filter>Source Files\essence_parser</Filter>
    </ClCompile>
    <ClCompile Include="..\..\..\src\essence_parser\MPEG2EssenceParser.cpp">
      <Filter>Source Files\essence_parser</Filter>
    </ClCompile>
    <ClCompile Include="..\..\..\src\essence_parser\RawEssenceReader.cpp">
      <Filter>Source Files\essence_parser</Filter>
    </ClCompile>
    <ClCompile Include="..\..\..\src\essence_parser\SoundConversion.cpp">
      <Filter>Source Files\essence_parser</Filter>
    </ClCompile>
    <ClCompile Include="..\..\..\src\essence_parser\VC3EssenceParser.cpp">
      <Filter>Source Files\essence_parser</Filter>
    </ClCompile>
    <ClCompile Include="..\..\..\src\frame\DataBufferArray.cpp">
      <Filter>Source Files\frame</Filter>
    </ClCompile>
    <ClCompile Include="..\..\..\src\frame\Frame.cpp">
      <Filter>Source Files\frame</Filter>
    </ClCompile>
    <ClCompile Include="..\..\..\src\frame\FrameBuffer.cpp">
      <Filter>Source Files\frame</Filter>
    </ClCompile>
    <ClCompile Include="..\..\..\src\mxf_helper\ANCDataMXFDescriptorHelper.cpp">
      <Filter>Source Files\mxf_helper</Filter>
    </ClCompile>
    <ClCompile Include="..\..\..\src\mxf_helper\AVCIntraUncsMXFDescriptorHelper.cpp">
      <Filter>Source Files\mxf_helper</Filter>
    </ClCompile>
    <ClCompile Include="..\..\..\src\mxf_helper\AVCIMXFDescriptorHelper.cpp">
      <Filter>Source Files\mxf_helper</Filter>
    </ClCompile>
    <ClCompile Include="..\..\..\src\mxf_helper\D10MXFDescriptorHelper.cpp">
      <Filter>Source Files\mxf_helper</Filter>
    </ClCompile>
    <ClCompile Include="..\..\..\src\mxf_helper\DataMXFDescriptorHelper.cpp">
      <Filter>Source Files\mxf_helper</Filter>
    </ClCompile>
    <ClCompile Include="..\..\..\src\mxf_helper\DVMXFDescriptorHelper.cpp">
      <Filter>Source Files\mxf_helper</Filter>
    </ClCompile>
    <ClCompile Include="..\..\..\src\mxf_helper\MJPEGMXFDescriptorHelper.cpp">
      <Filter>Source Files\mxf_helper</Filter>
    </ClCompile>
    <ClCompile Include="..\..\..\src\mxf_helper\MPEG2LGMXFDescriptorHelper.cpp">
      <Filter>Source Files\mxf_helper</Filter>
    </ClCompile>
    <ClCompile Include="..\..\..\src\mxf_helper\MXFDescriptorHelper.cpp">
      <Filter>Source Files\mxf_helper</Filter>
    </ClCompile>
    <ClCompile Include="..\..\..\src\mxf_helper\MXFFileFactory.cpp">
      <Filter>Source Files\mxf_helper</Filter>
    </ClCompile>
    <ClCompile Include="..\..\..\src\mxf_helper\PictureMXFDescriptorHelper.cpp">
      <Filter>Source Files\mxf_helper</Filter>
    </ClCompile>
    <ClCompile Include="..\..\..\src\mxf_helper\SoundMXFDescriptorHelper.cpp">
      <Filter>Source Files\mxf_helper</Filter>
    </ClCompile>
    <ClCompile Include="..\..\..\src\mxf_helper\UncCDCIMXFDescriptorHelper.cpp">
      <Filter>Source Files\mxf_helper</Filter>
    </ClCompile>
    <ClCompile Include="..\..\..\src\mxf_helper\UncRGBAMXFDescriptorHelper.cpp">
      <Filter>Source Files\mxf_helper</Filter>
    </ClCompile>
    <ClCompile Include="..\..\..\src\mxf_helper\VBIDataMXFDescriptorHelper.cpp">
      <Filter>Source Files\mxf_helper</Filter>
    </ClCompile>
    <ClCompile Include="..\..\..\src\mxf_helper\VC3MXFDescriptorHelper.cpp">
      <Filter>Source Files\mxf_helper</Filter>
    </ClCompile>
    <ClCompile Include="..\..\..\src\mxf_helper\WaveMXFDescriptorHelper.cpp">
      <Filter>Source Files\mxf_helper</Filter>
    </ClCompile>
    <ClCompile Include="..\..\..\src\mxf_op1a\OP1AANCDataTrack.cpp">
      <Filter>Source Files\mxf_op1a</Filter>
    </ClCompile>
    <ClCompile Include="..\..\..\src\mxf_op1a\OP1AAVCITrack.cpp">
      <Filter>Source Files\mxf_op1a</Filter>
    </ClCompile>
    <ClCompile Include="..\..\..\src\mxf_op1a\OP1AContentPackage.cpp">
      <Filter>Source Files\mxf_op1a</Filter>
    </ClCompile>
    <ClCompile Include="..\..\..\src\mxf_op1a\OP1AD10Track.cpp">
      <Filter>Source Files\mxf_op1a</Filter>
    </ClCompile>
    <ClCompile Include="..\..\..\src\mxf_op1a\OP1ADataTrack.cpp">
      <Filter>Source Files\mxf_op1a</Filter>
    </ClCompile>
    <ClCompile Include="..\..\..\src\mxf_op1a\OP1ADVTrack.cpp">
      <Filter>Source Files\mxf_op1a</Filter>
    </ClCompile>
    <ClCompile Include="..\..\..\src\mxf_op1a\OP1AFile.cpp">
      <Filter>Source Files\mxf_op1a</Filter>
    </ClCompile>
    <ClCompile Include="..\..\..\src\mxf_op1a\OP1AIndexTable.cpp">
      <Filter>Source Files\mxf_op1a</Filter>
    </ClCompile>
    <ClCompile Include="..\..\..\src\mxf_op1a\OP1AMPEG2LGTrack.cpp">
      <Filter>Source Files\mxf_op1a</Filter>
    </ClCompile>
    <ClCompile Include="..\..\..\src\mxf_op1a\OP1APCMTrack.cpp">
      <Filter>Source Files\mxf_op1a</Filter>
    </ClCompile>
    <ClCompile Include="..\..\..\src\mxf_op1a\OP1APictureTrack.cpp">
      <Filter>Source Files\mxf_op1a</Filter>
    </ClCompile>
    <ClCompile Include="..\..\..\src\mxf_op1a\OP1ATrack.cpp">
      <Filter>Source Files\mxf_op1a</Filter>
    </ClCompile>
    <ClCompile Include="..\..\..\src\mxf_op1a\OP1AUncTrack.cpp">
      <Filter>Source Files\mxf_op1a</Filter>
    </ClCompile>
    <ClCompile Include="..\..\..\src\mxf_op1a\OP1AVBIDataTrack.cpp">
      <Filter>Source Files\mxf_op1a</Filter>
    </ClCompile>
    <ClCompile Include="..\..\..\src\mxf_op1a\OP1AVC3Track.cpp">
      <Filter>Source Files\mxf_op1a</Filter>
    </ClCompile>
    <ClCompile Include="..\..\..\src\mxf_reader\EssenceChunkHelper.cpp">
      <Filter>Source Files\mxf_reader</Filter>
    </ClCompile>
    <ClCompile Include="..\..\..\src\mxf_reader\EssenceReader.cpp">
      <Filter>Source Files\mxf_reader</Filter>
    </ClCompile>
    <ClCompile Include="..\..\..\src\mxf_reader\FrameMetadataReader.cpp">
      <Filter>Source Files\mxf_reader</Filter>
    </ClCompile>
    <ClCompile Include="..\..\..\src\mxf_reader\IndexTableHelper.cpp">
      <Filter>Source Files\mxf_reader</Filter>
    </ClCompile>
    <ClCompile Include="..\..\..\src\mxf_reader\MXFAPPInfo.cpp">
      <Filter>Source Files\mxf_reader</Filter>
    </ClCompile>
    <ClCompile Include="..\..\..\src\mxf_reader\MXFFileIndex.cpp">
      <Filter>Source Files\mxf_reader</Filter>
    </ClCompile>
    <ClCompile Include="..\..\..\src\mxf_reader\MXFFileReader.cpp">
      <Filter>Source Files\mxf_reader</Filter>
    </ClCompile>
    <ClCompile Include="..\..\..\src\mxf_reader\MXFFileTrackReader.cpp">
      <Filter>Source Files\mxf_reader</Filter>
    </ClCompile>
    <ClCompile Include="..\..\..\src\mxf_reader\MXFFrameBuffer.cpp">
      <Filter>Source Files\mxf_reader</Filter>
    </ClCompile>
    <ClCompile Include="..\..\..\src\mxf_reader\MXFFrameMetadata.cpp">
      <Filter>Source Files\mxf_reader</Filter>
    </ClCompile>
    <ClCompile Include="..\..\..\src\mxf_reader\MXFGroupReader.cpp">
      <Filter>Source Files\mxf_reader</Filter>
    </ClCompile>
    <ClCompile Include="..\..\..\src\mxf_reader\MXFIndexEntryExt.cpp">
      <Filter>Source Files\mxf_reader</Filter>
    </ClCompile>
    <ClCompile Include="..\..\..\src\mxf_reader\MXFPackageResolver.cpp">
      <Filter>Source Files\mxf_reader</Filter>
    </ClCompile>
    <ClCompile Include="..\..\..\src\mxf_reader\MXFReader.cpp">
      <Filter>Source Files\mxf_reader</Filter>
    </ClCompile>
    <ClCompile Include="..\..\..\src\mxf_reader\MXFSequenceReader.cpp">
      <Filter>Source Files\mxf_reader</Filter>
    </ClCompile>
    <ClCompile Include="..\..\..\src\mxf_reader\MXFSequenceTrackReader.cpp">
      <Filter>Source Files\mxf_reader</Filter>
    </ClCompile>
    <ClCompile Include="..\..\..\src\mxf_reader\MXFTrackInfo.cpp">
      <Filter>Source Files\mxf_reader</Filter>
    </ClCompile>
    <ClCompile Include="..\..\..\src\rdd9_mxf\RDD9ContentPackage.cpp">
      <Filter>Source Files\rdd9_mxf</Filter>
    </ClCompile>
    <ClCompile Include="..\..\..\src\rdd9_mxf\RDD9File.cpp">
      <Filter>Source Files\rdd9_mxf</Filter>
    </ClCompile>
    <ClCompile Include="..\..\..\src\rdd9_mxf\RDD9IndexTable.cpp">
      <Filter>Source Files\rdd9_mxf</Filter>
    </ClCompile>
    <ClCompile Include="..\..\..\src\rdd9_mxf\RDD9MPEG2LGTrack.cpp">
      <Filter>Source Files\rdd9_mxf</Filter>
    </ClCompile>
    <ClCompile Include="..\..\..\src\rdd9_mxf\RDD9PCMTrack.cpp">
      <Filter>Source Files\rdd9_mxf</Filter>
    </ClCompile>
    <ClCompile Include="..\..\..\src\rdd9_mxf\RDD9Track.cpp">
      <Filter>Source Files\rdd9_mxf</Filter>
    </ClCompile>
    <ClCompile Include="..\..\..\src\st436\RDD6BitBuffer.cpp">
      <Filter>Source Files\st436</Filter>
    </ClCompile>
    <ClCompile Include="..\..\..\src\st436\RDD6Metadata.cpp">
      <Filter>Source Files\st436</Filter>
    </ClCompile>
    <ClCompile Include="..\..\..\src\st436\ST436Element.cpp">
      <Filter>Source Files\st436</Filter>
    </ClCompile>
    <ClCompile Include="..\..\..\src\st436\RDD6MetadataExpat.cpp">
      <Filter>Source Files\st436</Filter>
    </ClCompile>
    <ClCompile Include="..\..\..\src\wave\WaveBEXT.cpp">
      <Filter>Source Files\wave</Filter>
    </ClCompile>
    <ClCompile Include="..\..\..\src\wave\WaveFileIO.cpp">
      <Filter>Source Files\wave</Filter>
    </ClCompile>
    <ClCompile Include="..\..\..\src\wave\WaveIO.cpp">
      <Filter>Source Files\wave</Filter>
    </ClCompile>
    <ClCompile Include="..\..\..\src\wave\WaveReader.cpp">
      <Filter>Source Files\wave</Filter>
    </ClCompile>
    <ClCompile Include="..\..\..\src\wave\WaveTrackReader.cpp">
      <Filter>Source Files\wave</Filter>
    </ClCompile>
    <ClCompile Include="..\..\..\src\wave\WaveTrackWriter.cpp">
      <Filter>Source Files\wave</Filter>
    </ClCompile>
    <ClCompile Include="..\..\..\src\wave\WaveWriter.cpp">
      <Filter>Source Files\wave</Filter>
    </ClCompile>
    <ClCompile Include="..\..\..\src\writer_helper\AVCIWriterHelper.cpp">
      <Filter>Source Files\writer_helper</Filter>
    </ClCompile>
    <ClCompile Include="..\..\..\src\writer_helper\D10WriterHelper.cpp">
      <Filter>Source Files\writer_helper</Filter>
    </ClCompile>
    <ClCompile Include="..\..\..\src\writer_helper\MPEG2LGWriterHelper.cpp">
      <Filter>Source Files\writer_helper</Filter>
    </ClCompile>
    <ClCompile Include="..\..\..\src\st436\RDD6MetadataXML.cpp">
      <Filter>Source Files\st436</Filter>
    </ClCompile>
  </ItemGroup>
  <ItemGroup>
    <CustomBuild Include="gen_scm_version.cmd" />
  </ItemGroup>
</Project>