
Microsoft Visual Studio Solution File, Format Version 11.00
# Visual C++ Express 2010
Project("{8BC9CEB8-8B4A-11D0-8D11-00A0C91BC942}") = "h264dump", "tools\h264dump\h264dump.vcxproj", "{2FD73F77-1CC7-4C56-B311-F752B98840B0}"
EndProject
Project("{8BC9CEB8-8B4A-11D0-8D11-00A0C91BC942}") = "movdump", "tools\movdump\movdump.vcxproj", "{CE40AAAA-5112-4893-82CA-6CF5166C9E85}"
EndProject
Project("{8BC9CEB8-8B4A-11D0-8D11-00A0C91BC942}") = "rdd36dump", "tools\rdd36dump\rdd36dump.vcxproj", "{BAE25384-E159-488E-B652-E8A73FE50001}"
EndProject
Project("{8BC9CEB8-8B4A-11D0-8D11-00A0C91BC942}") = "vc2dump", "tools\vc2dump\vc2dump.vcxproj", "{97060AE3-9DC7-40A2-A75A-457FEC523E1A}"
EndProject
Global
	GlobalSection(SolutionConfigurationPlatforms) = preSolution
		Debug|Win32 = Debug|Win32
		Release|Win32 = Release|Win32
	EndGlobalSection
	GlobalSection(ProjectConfigurationPlatforms) = postSolution
		{2FD73F77-1CC7-4C56-B311-F752B98840B0}.Debug|Win32.ActiveCfg = Debug|Win32
		{2FD73F77-1CC7-4C56-B311-F752B98840B0}.Debug|Win32.Build.0 = Debug|Win32
		{2FD73F77-1CC7-4C56-B311-F752B98840B0}.Release|Win32.ActiveCfg = Release|Win32
		{2FD73F77-1CC7-4C56-B311-F752B98840B0}.Release|Win32.Build.0 = Release|Win32
		{CE40AAAA-5112-4893-82CA-6CF5166C9E85}.Debug|Win32.ActiveCfg = Debug|Win32
		{CE40AAAA-5112-4893-82CA-6CF5166C9E85}.Debug|Win32.Build.0 = Debug|Win32
		{CE40AAAA-5112-4893-82CA-6CF5166C9E85}.Release|Win32.ActiveCfg = Release|Win32
		{CE40AAAA-5112-4893-82CA-6CF5166C9E85}.Release|Win32.Build.0 = Release|Win32
		{BAE25384-E159-488E-B652-E8A73FE50001}.Debug|Win32.ActiveCfg = Debug|Win32
		{BAE25384-E159-488E-B652-E8A73FE50001}.Debug|Win32.Build.0 = Debug|Win32
		{BAE25384-E159-488E-B652-E8A73FE50001}.Release|Win32.ActiveCfg = Release|Win32
		{BAE25384-E159-488E-B652-E8A73FE50001}.Release|Win32.Build.0 = Release|Win32
		{97060AE3-9DC7-40A2-A75A-457FEC523E1A}.Debug|Win32.ActiveCfg = Debug|Win32
		{97060AE3-9DC7-40A2-A75A-457FEC523E1A}.Debug|Win32.Build.0 = Debug|Win32
		{97060AE3-9DC7-40A2-A75A-457FEC523E1A}.Release|Win32.ActiveCfg = Release|Win32
		{97060AE3-9DC7-40A2-A75A-457FEC523E1A}.Release|Win32.Build.0 = Release|Win32
	EndGlobalSection
	GlobalSection(SolutionProperties) = preSolution
		HideSolutionNode = FALSE
	EndGlobalSection
EndGlobal
