
Microsoft Visual Studio Solution File, Format Version 11.00
# Visual C++ Express 2010
Project("{8BC9CEB8-8B4A-11D0-8D11-00A0C91BC942}") = "h264dump", "tools\h264dump\h264dump.vcxproj", "{2FD73F77-1CC7-4C56-B311-F752B98840B0}"
EndProject
Project("{8BC9CEB8-8B4A-11D0-8D11-00A0C91BC942}") = "movdump", "tools\movdump\movdump.vcxproj", "{CE40AAAA-5112-4893-82CA-6CF5166C9E85}"
EndProject
Global
	GlobalSection(SolutionConfigurationPlatforms) = preSolution
		Debug|Win32 = Debug|Win32
		Release|Win32 = Release|Win32
	EndGlobalSection
	GlobalSection(ProjectConfigurationPlatforms) = postSolution
		{2FD73F77-1CC7-4C56-B311-F752B98840B0}.Debug|Win32.ActiveCfg = Debug|Win32
		{2FD73F77-1CC7-4C56-B311-F752B98840B0}.Debug|Win32.Build.0 = Debug|Win32
		{2FD73F77-1CC7-4C56-B311-F752B98840B0}.Release|Win32.ActiveCfg = Release|Win32
		{2FD73F77-1CC7-4C56-B311-F752B98840B0}.Release|Win32.Build.0 = Release|Win32
		{CE40AAAA-5112-4893-82CA-6CF5166C9E85}.Debug|Win32.ActiveCfg = Debug|Win32
		{CE40AAAA-5112-4893-82CA-6CF5166C9E85}.Debug|Win32.Build.0 = Debug|Win32
		{CE40AAAA-5112-4893-82CA-6CF5166C9E85}.Release|Win32.ActiveCfg = Release|Win32
		{CE40AAAA-5112-4893-82CA-6CF5166C9E85}.Release|Win32.Build.0 = Release|Win32
	EndGlobalSection
	GlobalSection(SolutionProperties) = preSolution
		HideSolutionNode = FALSE
	EndGlobalSection
EndGlobal
